version = 1
revision = 3
requires-python = "==3.10.*"
resolution-markers = [
    "(platform_machine != 'aarch64' and sys_platform == 'linux') or (platform_python_implementation != 'CPython' and sys_platform == 'linux') or (sys_platform != 'darwin' and sys_platform != 'linux')",
    "sys_platform == 'darwin'",
    "platform_machine == 'aarch64' and platform_python_implementation == 'CPython' and sys_platform == 'linux'",
]

[[package]]
name = "beautifulsoup4"
version = "4.14.3"
source = { registry = "https://pypi.org/simple" }
dependencies = [
    { name = "soupsieve" },
    { name = "typing-extensions" },
]
sdist = { url = "https://files.pythonhosted.org/packages/c3/b0/1c6a16426d389813b48d95e26898aff79abbde42ad353958ad95cc8c9b21/beautifulsoup4-4.14.3.tar.gz", hash = "sha256:6292b1c5186d356bba669ef9f7f051757099565ad9ada5dd630bd9de5fa7fb86", size = 627737, upload-time = "2025-11-30T15:08:26.084Z" }
wheels = [
    { url = "https://files.pythonhosted.org/packages/1a/39/47f9197bdd44df24d67ac8893641e16f386c984a0619ef2ee4c51fbbc019/beautifulsoup4-4.14.3-py3-none-any.whl", hash = "sha256:0918bfe44902e6ad8d57732ba310582e98da931428d231a5ecb9e7c703a735bb", size = 107721, upload-time = "2025-11-30T15:08:24.087Z" },
]

[[package]]
name = "certifi"
version = "2026.5.20"
source = { registry = "https://pypi.org/simple" }
sdist = { url = "https://files.pythonhosted.org/packages/f3/ce/ee2ecad540810a79593028e88299baeae54d346cc7a0d94b6199988b89b1/certifi-2026.5.20.tar.gz", hash = "sha256:69dea482ab64caa7b9f6aba1c6bf48bb6a5448d1c0f1b17ab42ad8c763a5344d", size = 135422, upload-time = "2026-05-20T11:46:50.073Z" }
wheels = [
    { url = "https://files.pythonhosted.org/packages/59/8c/57e832b7af6d7c5abe66eb3fbe3a3a32f4d11ea23a1aa7131371035be991/certifi-2026.5.20-py3-none-any.whl", hash = "sha256:3c52e209ba0a4ad7aebe60436a4ab349c39e1e602e8c134221e546902ad25897", size = 134134, upload-time = "2026-05-20T11:46:48.578Z" },
]

[[package]]
name = "charset-normalizer"
version = "3.4.7"
source = { registry = "https://pypi.org/simple" }
sdist = { url = "https://files.pythonhosted.org/packages/e7/a1/67fe25fac3c7642725500a3f6cfe5821ad557c3abb11c9d20d12c7008d3e/charset_normalizer-3.4.7.tar.gz", hash = "sha256:ae89db9e5f98a11a4bf50407d4363e7b09b31e55bc117b4f7d80aab97ba009e5", size = 144271, upload-time = "2026-04-02T09:28:39.342Z" }
wheels = [
    { url = "https://files.pythonhosted.org/packages/26/08/0f303cb0b529e456bb116f2d50565a482694fbb94340bf56d44677e7ed03/charset_normalizer-3.4.7-cp310-cp310-macosx_10_9_universal2.whl", hash = "sha256:cdd68a1fb318e290a2077696b7eb7a21a49163c455979c639bf5a5dcdc46617d", size = 315182, upload-time = "2026-04-02T09:25:40.673Z" },
    { url = "https://files.pythonhosted.org/packages/24/47/b192933e94b546f1b1fe4df9cc1f84fcdbf2359f8d1081d46dd029b50207/charset_normalizer-3.4.7-cp310-cp310-manylinux2014_aarch64.manylinux_2_17_aarch64.manylinux_2_28_aarch64.whl", hash = "sha256:e17b8d5d6a8c47c85e68ca8379def1303fd360c3e22093a807cd34a71cd082b8", size = 209329, upload-time = "2026-04-02T09:25:42.354Z" },
    { url = "https://files.pythonhosted.org/packages/c2/b4/01fa81c5ca6141024d89a8fc15968002b71da7f825dd14113207113fabbd/charset_normalizer-3.4.7-cp310-cp310-manylinux2014_ppc64le.manylinux_2_17_ppc64le.manylinux_2_28_ppc64le.whl", hash = "sha256:511ef87c8aec0783e08ac18565a16d435372bc1ac25a91e6ac7f5ef2b0bff790", size = 231230, upload-time = "2026-04-02T09:25:44.281Z" },
    { url = "https://files.pythonhosted.org/packages/20/f7/7b991776844dfa058017e600e6e55ff01984a063290ca5622c0b63162f68/charset_normalizer-3.4.7-cp310-cp310-manylinux2014_s390x.manylinux_2_17_s390x.manylinux_2_28_s390x.whl", hash = "sha256:007d05ec7321d12a40227aae9e2bc6dca73f3cb21058999a1df9e193555a9dcc", size = 225890, upload-time = "2026-04-02T09:25:45.475Z" },
    { url = "https://files.pythonhosted.org/packages/20/e7/bed0024a0f4ab0c8a9c64d4445f39b30c99bd1acd228291959e3de664247/charset_normalizer-3.4.7-cp310-cp310-manylinux2014_x86_64.manylinux_2_17_x86_64.manylinux_2_28_x86_64.whl", hash = "sha256:cf29836da5119f3c8a8a70667b0ef5fdca3bb12f80fd06487cfa575b3909b393", size = 216930, upload-time = "2026-04-02T09:25:46.58Z" },
    { url = "https://files.pythonhosted.org/packages/e2/ab/b18f0ab31cdd7b3ddb8bb76c4a414aeb8160c9810fdf1bc62f269a539d87/charset_normalizer-3.4.7-cp310-cp310-manylinux_2_31_armv7l.whl", hash = "sha256:12d8baf840cc7889b37c7c770f478adea7adce3dcb3944d02ec87508e2dcf153", size = 202109, upload-time = "2026-04-02T09:25:48.031Z" },
    { url = "https://files.pythonhosted.org/packages/82/e5/7e9440768a06dfb3075936490cb82dbf0ee20a133bf0dd8551fa096914ec/charset_normalizer-3.4.7-cp310-cp310-manylinux_2_31_riscv64.manylinux_2_39_riscv64.whl", hash = "sha256:d560742f3c0d62afaccf9f41fe485ed69bd7661a241f86a3ef0f0fb8b1a397af", size = 214684, upload-time = "2026-04-02T09:25:49.245Z" },
    { url = "https://files.pythonhosted.org/packages/71/94/8c61d8da9f062fdf457c80acfa25060ec22bf1d34bbeaca4350f13bcfd07/charset_normalizer-3.4.7-cp310-cp310-musllinux_1_2_aarch64.whl", hash = "sha256:b14b2d9dac08e28bb8046a1a0434b1750eb221c8f5b87a68f4fa11a6f97b5e34", size = 212785, upload-time = "2026-04-02T09:25:50.671Z" },
    { url = "https://files.pythonhosted.org/packages/66/cd/6e9889c648e72c0ab2e5967528bb83508f354d706637bc7097190c874e13/charset_normalizer-3.4.7-cp310-cp310-musllinux_1_2_armv7l.whl", hash = "sha256:bc17a677b21b3502a21f66a8cc64f5bfad4df8a0b8434d661666f8ce90ac3af1", size = 203055, upload-time = "2026-04-02T09:25:51.802Z" },
    { url = "https://files.pythonhosted.org/packages/92/2e/7a951d6a08aefb7eb8e1b54cdfb580b1365afdd9dd484dc4bee9e5d8f258/charset_normalizer-3.4.7-cp310-cp310-musllinux_1_2_ppc64le.whl", hash = "sha256:750e02e074872a3fad7f233b47734166440af3cdea0add3e95163110816d6752", size = 232502, upload-time = "2026-04-02T09:25:53.388Z" },
    { url = "https://files.pythonhosted.org/packages/58/d5/abcf2d83bf8e0a1286df55cd0dc1d49af0da4282aa77e986df343e7de124/charset_normalizer-3.4.7-cp310-cp310-musllinux_1_2_riscv64.whl", hash = "sha256:4e5163c14bffd570ef2affbfdd77bba66383890797df43dc8b4cc7d6f500bf53", size = 214295, upload-time = "2026-04-02T09:25:54.765Z" },
    { url = "https://files.pythonhosted.org/packages/47/3a/7d4cd7ed54be99973a0dc176032cba5cb1f258082c31fa6df35cff46acfc/charset_normalizer-3.4.7-cp310-cp310-musllinux_1_2_s390x.whl", hash = "sha256:6ed74185b2db44f41ef35fd1617c5888e59792da9bbc9190d6c7300617182616", size = 227145, upload-time = "2026-04-02T09:25:55.904Z" },
    { url = "https://files.pythonhosted.org/packages/1d/98/3a45bf8247889cf28262ebd3d0872edff11565b2a1e3064ccb132db3fbb0/charset_normalizer-3.4.7-cp310-cp310-musllinux_1_2_x86_64.whl", hash = "sha256:94e1885b270625a9a828c9793b4d52a64445299baa1fea5a173bf1d3dd9a1a5a", size = 218884, upload-time = "2026-04-02T09:25:57.074Z" },
    { url = "https://files.pythonhosted.org/packages/ad/80/2e8b7f8915ed5c9ef13aa828d82738e33888c485b65ebf744d615040c7ea/charset_normalizer-3.4.7-cp310-cp310-win32.whl", hash = "sha256:6785f414ae0f3c733c437e0f3929197934f526d19dfaa75e18fdb4f94c6fb374", size = 148343, upload-time = "2026-04-02T09:25:58.199Z" },
    { url = "https://files.pythonhosted.org/packages/35/1b/3b8c8c77184af465ee9ad88b5aea46ea6b2e1f7b9dc9502891e37af21e30/charset_normalizer-3.4.7-cp310-cp310-win_amd64.whl", hash = "sha256:6696b7688f54f5af4462118f0bfa7c1621eeb87154f77fa04b9295ce7a8f2943", size = 159174, upload-time = "2026-04-02T09:25:59.322Z" },
    { url = "https://files.pythonhosted.org/packages/be/c1/feb40dca40dbb21e0a908801782d9288c64fc8d8e562c2098e9994c8c21b/charset_normalizer-3.4.7-cp310-cp310-win_arm64.whl", hash = "sha256:66671f93accb62ed07da56613636f3641f1a12c13046ce91ffc923721f23c008", size = 147805, upload-time = "2026-04-02T09:26:00.756Z" },
    { url = "https://files.pythonhosted.org/packages/db/8f/61959034484a4a7c527811f4721e75d02d653a35afb0b6054474d8185d4c/charset_normalizer-3.4.7-py3-none-any.whl", hash = "sha256:3dce51d0f5e7951f8bb4900c257dad282f49190fdbebecd4ba99bcc41fef404d", size = 61958, upload-time = "2026-04-02T09:28:37.794Z" },
]

[[package]]
name = "colorama"
version = "0.4.6"
source = { registry = "https://pypi.org/simple" }
sdist = { url = "https://files.pythonhosted.org/packages/d8/53/6f443c9a4a8358a93a6792e2acffb9d9d5cb0a5cfd8802644b7b1c9a02e4/colorama-0.4.6.tar.gz", hash = "sha256:08695f5cb7ed6e0531a20572697297273c47b8cae5a63ffc6d6ed5c201be6e44", size = 27697, upload-time = "2022-10-25T02:36:22.414Z" }
wheels = [
    { url = "https://files.pythonhosted.org/packages/d1/d6/3965ed04c63042e047cb6a3e6ed1a63a35087b6a609aa3a15ed8ac56c221/colorama-0.4.6-py2.py3-none-any.whl", hash = "sha256:4f1d9991f5acc0ca119f9d443620b77f9d6b33703e51011c16baf57afb285fc6", size = 25335, upload-time = "2022-10-25T02:36:20.889Z" },
]

[[package]]
name = "filelock"
version = "3.29.0"
source = { registry = "https://pypi.org/simple" }
sdist = { url = "https://files.pythonhosted.org/packages/b5/fe/997687a931ab51049acce6fa1f23e8f01216374ea81374ddee763c493db5/filelock-3.29.0.tar.gz", hash = "sha256:69974355e960702e789734cb4871f884ea6fe50bd8404051a3530bc07809cf90", size = 57571, upload-time = "2026-04-19T15:39:10.068Z" }
wheels = [
    { url = "https://files.pythonhosted.org/packages/81/47/dd9a212ef6e343a6857485ffe25bba537304f1913bdbed446a23f7f592e1/filelock-3.29.0-py3-none-any.whl", hash = "sha256:96f5f6344709aa1572bbf631c640e4ebeeb519e08da902c39a001882f30ac258", size = 39812, upload-time = "2026-04-19T15:39:08.752Z" },
]

[[package]]
name = "gdown"
version = "6.1.0"
source = { registry = "https://pypi.org/simple" }
dependencies = [
    { name = "beautifulsoup4" },
    { name = "filelock" },
    { name = "requests", extra = ["socks"] },
    { name = "tqdm" },
    { name = "typing-extensions" },
]
sdist = { url = "https://files.pythonhosted.org/packages/6a/b5/a45f62f20664031bf74a6aeb6f8d8cd5910e411bf90d756bd6b09bdc6c35/gdown-6.1.0.tar.gz", hash = "sha256:361c6e04c6ca335df50b9d71f40bcfe9ab70fb26a1b0e890a427267781389553", size = 269670, upload-time = "2026-05-30T11:56:21.322Z" }
wheels = [
    { url = "https://files.pythonhosted.org/packages/7d/56/a99f0f159cce5b26d267317d436afee184f45fc7911938757d7cbbd2d10c/gdown-6.1.0-py3-none-any.whl", hash = "sha256:38a36a94275b8272f684db469bbd73b4d1f64cbbc1751bcb993a1b2be8f013c8", size = 19216, upload-time = "2026-05-30T11:56:20.016Z" },
]

[[package]]
name = "idna"
version = "3.15"
source = { registry = "https://pypi.org/simple" }
sdist = { url = "https://files.pythonhosted.org/packages/82/77/7b3966d0b9d1d31a36ddf1746926a11dface89a83409bf1483f0237aa758/idna-3.15.tar.gz", hash = "sha256:ca962446ea538f7092a95e057da437618e886f4d349216d2b1e294abfdb65fdc", size = 199245, upload-time = "2026-05-12T22:45:57.011Z" }
wheels = [
    { url = "https://files.pythonhosted.org/packages/d2/23/408243171aa9aaba178d3e2559159c24c1171a641aa83b67bdd3394ead8e/idna-3.15-py3-none-any.whl", hash = "sha256:048adeaf8c2d788c40fee287673ccaa74c24ffd8dcf09ffa555a2fbb59f10ac8", size = 72340, upload-time = "2026-05-12T22:45:55.733Z" },
]

[[package]]
name = "numpy"
version = "1.24.4"
source = { registry = "https://pypi.org/simple" }
sdist = { url = "https://files.pythonhosted.org/packages/a4/9b/027bec52c633f6556dba6b722d9a0befb40498b9ceddd29cbe67a45a127c/numpy-1.24.4.tar.gz", hash = "sha256:80f5e3a4e498641401868df4208b74581206afbee7cf7b8329daae82676d9463", size = 10911229, upload-time = "2023-06-26T13:39:33.218Z" }
wheels = [
    { url = "https://files.pythonhosted.org/packages/6b/80/6cdfb3e275d95155a34659163b83c09e3a3ff9f1456880bec6cc63d71083/numpy-1.24.4-cp310-cp310-macosx_10_9_x86_64.whl", hash = "sha256:c0bfb52d2169d58c1cdb8cc1f16989101639b34c7d3ce60ed70b19c63eba0b64", size = 19789140, upload-time = "2023-06-26T13:22:33.184Z" },
    { url = "https://files.pythonhosted.org/packages/64/5f/3f01d753e2175cfade1013eea08db99ba1ee4bdb147ebcf3623b75d12aa7/numpy-1.24.4-cp310-cp310-macosx_11_0_arm64.whl", hash = "sha256:ed094d4f0c177b1b8e7aa9cba7d6ceed51c0e569a5318ac0ca9a090680a6a1b1", size = 13854297, upload-time = "2023-06-26T13:22:59.541Z" },
    { url = "https://files.pythonhosted.org/packages/5a/b3/2f9c21d799fa07053ffa151faccdceeb69beec5a010576b8991f614021f7/numpy-1.24.4-cp310-cp310-manylinux_2_17_aarch64.manylinux2014_aarch64.whl", hash = "sha256:79fc682a374c4a8ed08b331bef9c5f582585d1048fa6d80bc6c35bc384eee9b4", size = 13995611, upload-time = "2023-06-26T13:23:22.167Z" },
    { url = "https://files.pythonhosted.org/packages/10/be/ae5bf4737cb79ba437879915791f6f26d92583c738d7d960ad94e5c36adf/numpy-1.24.4-cp310-cp310-manylinux_2_17_x86_64.manylinux2014_x86_64.whl", hash = "sha256:7ffe43c74893dbf38c2b0a1f5428760a1a9c98285553c89e12d70a96a7f3a4d6", size = 17282357, upload-time = "2023-06-26T13:23:51.446Z" },
    { url = "https://files.pythonhosted.org/packages/c0/64/908c1087be6285f40e4b3e79454552a701664a079321cff519d8c7051d06/numpy-1.24.4-cp310-cp310-win32.whl", hash = "sha256:4c21decb6ea94057331e111a5bed9a79d335658c27ce2adb580fb4d54f2ad9bc", size = 12429222, upload-time = "2023-06-26T13:24:13.849Z" },
    { url = "https://files.pythonhosted.org/packages/22/55/3d5a7c1142e0d9329ad27cece17933b0e2ab4e54ddc5c1861fbfeb3f7693/numpy-1.24.4-cp310-cp310-win_amd64.whl", hash = "sha256:b4bea75e47d9586d31e892a7401f76e909712a0fd510f58f5337bea9572c571e", size = 14841514, upload-time = "2023-06-26T13:24:38.129Z" },
]

[[package]]
name = "pillow"
version = "10.4.0"
source = { registry = "https://pypi.org/simple" }
sdist = { url = "https://files.pythonhosted.org/packages/cd/74/ad3d526f3bf7b6d3f408b73fde271ec69dfac8b81341a318ce825f2b3812/pillow-10.4.0.tar.gz", hash = "sha256:166c1cd4d24309b30d61f79f4a9114b7b2313d7450912277855ff5dfd7cd4a06", size = 46555059, upload-time = "2024-07-01T09:48:43.583Z" }
wheels = [
    { url = "https://files.pythonhosted.org/packages/0e/69/a31cccd538ca0b5272be2a38347f8839b97a14be104ea08b0db92f749c74/pillow-10.4.0-cp310-cp310-macosx_10_10_x86_64.whl", hash = "sha256:4d9667937cfa347525b319ae34375c37b9ee6b525440f3ef48542fcf66f2731e", size = 3509271, upload-time = "2024-07-01T09:45:22.07Z" },
    { url = "https://files.pythonhosted.org/packages/9a/9e/4143b907be8ea0bce215f2ae4f7480027473f8b61fcedfda9d851082a5d2/pillow-10.4.0-cp310-cp310-macosx_11_0_arm64.whl", hash = "sha256:543f3dc61c18dafb755773efc89aae60d06b6596a63914107f75459cf984164d", size = 3375658, upload-time = "2024-07-01T09:45:25.292Z" },
    { url = "https://files.pythonhosted.org/packages/8a/25/1fc45761955f9359b1169aa75e241551e74ac01a09f487adaaf4c3472d11/pillow-10.4.0-cp310-cp310-manylinux_2_17_aarch64.manylinux2014_aarch64.whl", hash = "sha256:7928ecbf1ece13956b95d9cbcfc77137652b02763ba384d9ab508099a2eca856", size = 4332075, upload-time = "2024-07-01T09:45:27.94Z" },
    { url = "https://files.pythonhosted.org/packages/5e/dd/425b95d0151e1d6c951f45051112394f130df3da67363b6bc75dc4c27aba/pillow-10.4.0-cp310-cp310-manylinux_2_17_x86_64.manylinux2014_x86_64.whl", hash = "sha256:e4d49b85c4348ea0b31ea63bc75a9f3857869174e2bf17e7aba02945cd218e6f", size = 4444808, upload-time = "2024-07-01T09:45:30.305Z" },
    { url = "https://files.pythonhosted.org/packages/b1/84/9a15cc5726cbbfe7f9f90bfb11f5d028586595907cd093815ca6644932e3/pillow-10.4.0-cp310-cp310-manylinux_2_28_aarch64.whl", hash = "sha256:6c762a5b0997f5659a5ef2266abc1d8851ad7749ad9a6a5506eb23d314e4f46b", size = 4356290, upload-time = "2024-07-01T09:45:32.868Z" },
    { url = "https://files.pythonhosted.org/packages/b5/5b/6651c288b08df3b8c1e2f8c1152201e0b25d240e22ddade0f1e242fc9fa0/pillow-10.4.0-cp310-cp310-manylinux_2_28_x86_64.whl", hash = "sha256:a985e028fc183bf12a77a8bbf36318db4238a3ded7fa9df1b9a133f1cb79f8fc", size = 4525163, upload-time = "2024-07-01T09:45:35.279Z" },
    { url = "https://files.pythonhosted.org/packages/07/8b/34854bf11a83c248505c8cb0fcf8d3d0b459a2246c8809b967963b6b12ae/pillow-10.4.0-cp310-cp310-musllinux_1_2_aarch64.whl", hash = "sha256:812f7342b0eee081eaec84d91423d1b4650bb9828eb53d8511bcef8ce5aecf1e", size = 4463100, upload-time = "2024-07-01T09:45:37.74Z" },
    { url = "https://files.pythonhosted.org/packages/78/63/0632aee4e82476d9cbe5200c0cdf9ba41ee04ed77887432845264d81116d/pillow-10.4.0-cp310-cp310-musllinux_1_2_x86_64.whl", hash = "sha256:ac1452d2fbe4978c2eec89fb5a23b8387aba707ac72810d9490118817d9c0b46", size = 4592880, upload-time = "2024-07-01T09:45:39.89Z" },
    { url = "https://files.pythonhosted.org/packages/df/56/b8663d7520671b4398b9d97e1ed9f583d4afcbefbda3c6188325e8c297bd/pillow-10.4.0-cp310-cp310-win32.whl", hash = "sha256:bcd5e41a859bf2e84fdc42f4edb7d9aba0a13d29a2abadccafad99de3feff984", size = 2235218, upload-time = "2024-07-01T09:45:42.771Z" },
    { url = "https://files.pythonhosted.org/packages/f4/72/0203e94a91ddb4a9d5238434ae6c1ca10e610e8487036132ea9bf806ca2a/pillow-10.4.0-cp310-cp310-win_amd64.whl", hash = "sha256:ecd85a8d3e79cd7158dec1c9e5808e821feea088e2f69a974db5edf84dc53141", size = 2554487, upload-time = "2024-07-01T09:45:45.176Z" },
    { url = "https://files.pythonhosted.org/packages/bd/52/7e7e93d7a6e4290543f17dc6f7d3af4bd0b3dd9926e2e8a35ac2282bc5f4/pillow-10.4.0-cp310-cp310-win_arm64.whl", hash = "sha256:ff337c552345e95702c5fde3158acb0625111017d0e5f24bf3acdb9cc16b90d1", size = 2243219, upload-time = "2024-07-01T09:45:47.274Z" },
    { url = "https://files.pythonhosted.org/packages/38/30/095d4f55f3a053392f75e2eae45eba3228452783bab3d9a920b951ac495c/pillow-10.4.0-pp310-pypy310_pp73-macosx_10_15_x86_64.whl", hash = "sha256:5b4815f2e65b30f5fbae9dfffa8636d992d49705723fe86a3661806e069352d4", size = 3493889, upload-time = "2024-07-01T09:48:04.815Z" },
    { url = "https://files.pythonhosted.org/packages/f3/e8/4ff79788803a5fcd5dc35efdc9386af153569853767bff74540725b45863/pillow-10.4.0-pp310-pypy310_pp73-macosx_11_0_arm64.whl", hash = "sha256:8f0aef4ef59694b12cadee839e2ba6afeab89c0f39a3adc02ed51d109117b8da", size = 3346160, upload-time = "2024-07-01T09:48:07.206Z" },
    { url = "https://files.pythonhosted.org/packages/d7/ac/4184edd511b14f760c73f5bb8a5d6fd85c591c8aff7c2229677a355c4179/pillow-10.4.0-pp310-pypy310_pp73-manylinux_2_17_aarch64.manylinux2014_aarch64.whl", hash = "sha256:9f4727572e2918acaa9077c919cbbeb73bd2b3ebcfe033b72f858fc9fbef0026", size = 3435020, upload-time = "2024-07-01T09:48:09.66Z" },
    { url = "https://files.pythonhosted.org/packages/da/21/1749cd09160149c0a246a81d646e05f35041619ce76f6493d6a96e8d1103/pillow-10.4.0-pp310-pypy310_pp73-manylinux_2_17_x86_64.manylinux2014_x86_64.whl", hash = "sha256:ff25afb18123cea58a591ea0244b92eb1e61a1fd497bf6d6384f09bc3262ec3e", size = 3490539, upload-time = "2024-07-01T09:48:12.529Z" },
    { url = "https://files.pythonhosted.org/packages/b6/f5/f71fe1888b96083b3f6dfa0709101f61fc9e972c0c8d04e9d93ccef2a045/pillow-10.4.0-pp310-pypy310_pp73-manylinux_2_28_aarch64.whl", hash = "sha256:dc3e2db6ba09ffd7d02ae9141cfa0ae23393ee7687248d46a7507b75d610f4f5", size = 3476125, upload-time = "2024-07-01T09:48:14.891Z" },
    { url = "https://files.pythonhosted.org/packages/96/b9/c0362c54290a31866c3526848583a2f45a535aa9d725fd31e25d318c805f/pillow-10.4.0-pp310-pypy310_pp73-manylinux_2_28_x86_64.whl", hash = "sha256:02a2be69f9c9b8c1e97cf2713e789d4e398c751ecfd9967c18d0ce304efbf885", size = 3579373, upload-time = "2024-07-01T09:48:17.601Z" },
    { url = "https://files.pythonhosted.org/packages/52/3b/ce7a01026a7cf46e5452afa86f97a5e88ca97f562cafa76570178ab56d8d/pillow-10.4.0-pp310-pypy310_pp73-win_amd64.whl", hash = "sha256:0755ffd4a0c6f267cccbae2e9903d95477ca2f77c4fcf3a3a09570001856c8a5", size = 2554661, upload-time = "2024-07-01T09:48:20.293Z" },
]

[[package]]
name = "plyfile"
version = "1.0.3"
source = { registry = "https://pypi.org/simple" }
dependencies = [
    { name = "numpy" },
]
sdist = { url = "https://files.pythonhosted.org/packages/a5/3b/8f9ec8976b6b1ce0ce0b32096f790ce169f6c8c2c7fb743c3b72975d2f65/plyfile-1.0.3.tar.gz", hash = "sha256:0ecbe8e7ce55a7bbc6c9dea24242fffa0ab7d9bed33fbd5ad567ca013bcc5222", size = 23469, upload-time = "2024-01-07T04:45:15.689Z" }
wheels = [
    { url = "https://files.pythonhosted.org/packages/8b/ab/8be662b4070c14789f7c18f5f92c8a862a05a59755b88c546651bfa1b38b/plyfile-1.0.3-py3-none-any.whl", hash = "sha256:66255dca882553f1fcd0c01fd8444bb4c6cf3965c7659106bf7c6c1ac6793a08", size = 23562, upload-time = "2024-01-07T04:45:13.876Z" },
]

[[package]]
name = "pysocks"
version = "1.7.1"
source = { registry = "https://pypi.org/simple" }
sdist = { url = "https://files.pythonhosted.org/packages/bd/11/293dd436aea955d45fc4e8a35b6ae7270f5b8e00b53cf6c024c83b657a11/PySocks-1.7.1.tar.gz", hash = "sha256:3f8804571ebe159c380ac6de37643bb4685970655d3bba243530d6558b799aa0", size = 284429, upload-time = "2019-09-20T02:07:35.714Z" }
wheels = [
    { url = "https://files.pythonhosted.org/packages/8d/59/b4572118e098ac8e46e399a1dd0f2d85403ce8bbaad9ec79373ed6badaf9/PySocks-1.7.1-py3-none-any.whl", hash = "sha256:2725bd0a9925919b9b51739eea5f9e2bae91e83288108a9ad338b2e3a4435ee5", size = 16725, upload-time = "2019-09-20T02:06:22.938Z" },
]

[[package]]
name = "requests"
version = "2.32.4"
source = { registry = "https://pypi.org/simple" }
dependencies = [
    { name = "certifi" },
    { name = "charset-normalizer" },
    { name = "idna" },
    { name = "urllib3" },
]
sdist = { url = "https://files.pythonhosted.org/packages/e1/0a/929373653770d8a0d7ea76c37de6e41f11eb07559b103b1c02cafb3f7cf8/requests-2.32.4.tar.gz", hash = "sha256:27d0316682c8a29834d3264820024b62a36942083d52caf2f14c0591336d3422", size = 135258, upload-time = "2025-06-09T16:43:07.34Z" }
wheels = [
    { url = "https://files.pythonhosted.org/packages/7c/e4/56027c4a6b4ae70ca9de302488c5ca95ad4a39e190093d6c1a8ace08341b/requests-2.32.4-py3-none-any.whl", hash = "sha256:27babd3cda2a6d50b30443204ee89830707d396671944c998b5975b031ac2b2c", size = 64847, upload-time = "2025-06-09T16:43:05.728Z" },
]

[package.optional-dependencies]
socks = [
    { name = "pysocks" },
]

[[package]]
name = "setuptools"
version = "80.10.2"
source = { registry = "https://pypi.org/simple" }
sdist = { url = "https://files.pythonhosted.org/packages/76/95/faf61eb8363f26aa7e1d762267a8d602a1b26d4f3a1e758e92cb3cb8b054/setuptools-80.10.2.tar.gz", hash = "sha256:8b0e9d10c784bf7d262c4e5ec5d4ec94127ce206e8738f29a437945fbc219b70", size = 1200343, upload-time = "2026-01-25T22:38:17.252Z" }
wheels = [
    { url = "https://files.pythonhosted.org/packages/94/b8/f1f62a5e3c0ad2ff1d189590bfa4c46b4f3b6e49cef6f26c6ee4e575394d/setuptools-80.10.2-py3-none-any.whl", hash = "sha256:95b30ddfb717250edb492926c92b5221f7ef3fbcc2b07579bcd4a27da21d0173", size = 1064234, upload-time = "2026-01-25T22:38:15.216Z" },
]

[[package]]
name = "sgsst"
version = "0.1.0"
source = { editable = "." }
dependencies = [
    { name = "gdown" },
    { name = "pillow" },
    { name = "plyfile" },
    { name = "setuptools" },
    { name = "torch", version = "1.12.1", source = { registry = "https://download.pytorch.org/whl/cu116" }, marker = "platform_machine == 'aarch64' and platform_python_implementation == 'CPython' and sys_platform == 'linux'" },
    { name = "torch", version = "1.12.1+cu116", source = { registry = "https://download.pytorch.org/whl/cu116" }, marker = "platform_machine != 'aarch64' or platform_python_implementation != 'CPython' or sys_platform != 'linux'" },
    { name = "torchaudio", version = "0.12.1", source = { registry = "https://download.pytorch.org/whl/cu116" }, marker = "(platform_machine == 'aarch64' and platform_python_implementation == 'CPython' and sys_platform == 'linux') or sys_platform == 'darwin'" },
    { name = "torchaudio", version = "0.12.1+cu116", source = { registry = "https://download.pytorch.org/whl/cu116" }, marker = "(platform_machine != 'aarch64' and sys_platform == 'linux') or (platform_python_implementation != 'CPython' and sys_platform == 'linux') or (sys_platform != 'darwin' and sys_platform != 'linux')" },
    { name = "torchvision", version = "0.13.1", source = { registry = "https://download.pytorch.org/whl/cu116" }, marker = "(platform_machine == 'aarch64' and platform_python_implementation == 'CPython' and sys_platform == 'linux') or sys_platform == 'darwin'" },
    { name = "torchvision", version = "0.13.1+cu116", source = { registry = "https://download.pytorch.org/whl/cu116" }, marker = "(platform_machine != 'aarch64' and sys_platform == 'linux') or (platform_python_implementation != 'CPython' and sys_platform == 'linux') or (sys_platform != 'darwin' and sys_platform != 'linux')" },
    { name = "tqdm" },
]

[package.metadata]
requires-dist = [
    { name = "gdown", specifier = ">=6.1.0" },
    { name = "pillow" },
    { name = "plyfile" },
    { name = "setuptools", specifier = "<81" },
    { name = "torch", specifier = "==1.12.1", index = "https://download.pytorch.org/whl/cu116" },
    { name = "torchaudio", specifier = "==0.12.1", index = "https://download.pytorch.org/whl/cu116" },
    { name = "torchvision", specifier = "==0.13.1", index = "https://download.pytorch.org/whl/cu116" },
    { name = "tqdm" },
]

[[package]]
name = "soupsieve"
version = "2.8.4"
source = { registry = "https://pypi.org/simple" }
sdist = { url = "https://files.pythonhosted.org/packages/47/2c/0a5f6f8ee0d5589e48c7640213ed5175d52cf540a06725b628cc1a45d6ce/soupsieve-2.8.4.tar.gz", hash = "sha256:e121fd02e975c695e4e9e8774a5ee35d74714b59307868dcc5319ad2d9e3328e", size = 121110, upload-time = "2026-05-24T13:55:57.154Z" }
wheels = [
    { url = "https://files.pythonhosted.org/packages/5e/f5/0c41cb68dcae6b7de4fac4188a3a9589e21fb31df21ea3a2e888db95e6c9/soupsieve-2.8.4-py3-none-any.whl", hash = "sha256:e7e6b0769c8f51ed59acab6e994b00621096cfb1c640a7509295987388fbaf65", size = 37304, upload-time = "2026-05-24T13:55:55.406Z" },
]

[[package]]
name = "torch"
version = "1.12.1"
source = { registry = "https://download.pytorch.org/whl/cu116" }
resolution-markers = [
    "platform_machine == 'aarch64' and platform_python_implementation == 'CPython' and sys_platform == 'linux'",
]
dependencies = [
    { name = "typing-extensions", marker = "platform_machine == 'aarch64' and platform_python_implementation == 'CPython' and sys_platform == 'linux'" },
]
wheels = [
    { url = "https://download-r2.pytorch.org/whl/torch-1.12.1-cp310-cp310-manylinux2014_aarch64.whl", hash = "sha256:4e1b9c14cf13fd2ab8d769529050629a0e68a6fc5cb8e84b4a3cc1dd8c4fe541", upload-time = "2023-10-06T21:38:30Z" },
]

[[package]]
name = "torch"
version = "1.12.1+cu116"
source = { registry = "https://download.pytorch.org/whl/cu116" }
resolution-markers = [
    "(platform_machine != 'aarch64' and sys_platform == 'linux') or (platform_python_implementation != 'CPython' and sys_platform == 'linux') or (sys_platform != 'darwin' and sys_platform != 'linux')",
    "sys_platform == 'darwin'",
]
dependencies = [
    { name = "typing-extensions", marker = "platform_machine != 'aarch64' or platform_python_implementation != 'CPython' or sys_platform != 'linux'" },
]
wheels = [
    { url = "https://download-r2.pytorch.org/whl/cu116/torch-1.12.1%2Bcu116-cp310-cp310-linux_x86_64.whl", hash = "sha256:b6bc31244aa2818929fbb30c483c221df471e9d856e805c5a1ff72b131ae9e7b", upload-time = "2023-10-06T23:32:46Z" },
    { url = "https://download-r2.pytorch.org/whl/cu116/torch-1.12.1%2Bcu116-cp310-cp310-win_amd64.whl", hash = "sha256:832effad8b21109700323a5aa137a2e4bdea711dac3d8491ff542f798dab0101", upload-time = "2023-10-06T23:33:56Z" },
]

[[package]]
name = "torchaudio"
version = "0.12.1"
source = { registry = "https://download.pytorch.org/whl/cu116" }
resolution-markers = [
    "sys_platform == 'darwin'",
    "platform_machine == 'aarch64' and platform_python_implementation == 'CPython' and sys_platform == 'linux'",
]
dependencies = [
    { name = "torch", version = "1.12.1", source = { registry = "https://download.pytorch.org/whl/cu116" }, marker = "platform_machine == 'aarch64' and platform_python_implementation == 'CPython' and sys_platform == 'linux'" },
    { name = "torch", version = "1.12.1+cu116", source = { registry = "https://download.pytorch.org/whl/cu116" }, marker = "sys_platform == 'darwin'" },
]
wheels = [
    { url = "https://download-r2.pytorch.org/whl/torchaudio-0.12.1-cp310-cp310-macosx_10_9_x86_64.whl", hash = "sha256:dc138bee06b2305442fc132171f2a01d5f42509eaa21bdf87c3d26a6f4a09fdd", upload-time = "2023-10-06T21:40:55Z" },
    { url = "https://download-r2.pytorch.org/whl/torchaudio-0.12.1-cp310-cp310-manylinux2014_aarch64.whl", hash = "sha256:21741a277d31f75215a09c1590170055b65c2eceda6aa5a263676745bd97172e", upload-time = "2023-10-06T21:40:56Z" },
]

[[package]]
name = "torchaudio"
version = "0.12.1+cu116"
source = { registry = "https://download.pytorch.org/whl/cu116" }
resolution-markers = [
    "(platform_machine != 'aarch64' and sys_platform == 'linux') or (platform_python_implementation != 'CPython' and sys_platform == 'linux') or (sys_platform != 'darwin' and sys_platform != 'linux')",
]
dependencies = [
    { name = "torch", version = "1.12.1+cu116", source = { registry = "https://download.pytorch.org/whl/cu116" }, marker = "(platform_machine != 'aarch64' and sys_platform == 'linux') or (platform_python_implementation != 'CPython' and sys_platform == 'linux') or (sys_platform != 'darwin' and sys_platform != 'linux')" },
]
wheels = [
    { url = "https://download-r2.pytorch.org/whl/cu116/torchaudio-0.12.1%2Bcu116-cp310-cp310-linux_x86_64.whl", hash = "sha256:29d781546050d654315f10901b05f5ec4d62a6d322b3445f7b1fbea382665688", upload-time = "2023-10-08T23:39:54Z" },
    { url = "https://download-r2.pytorch.org/whl/cu116/torchaudio-0.12.1%2Bcu116-cp310-cp310-win_amd64.whl", hash = "sha256:6e8933ac7e3acaccf104e882a08fa333f2fc40070bd3ac9cce7e3d0cd3d55465", upload-time = "2023-10-08T23:39:55Z" },
]

[[package]]
name = "torchvision"
version = "0.13.1"
source = { registry = "https://download.pytorch.org/whl/cu116" }
resolution-markers = [
    "sys_platform == 'darwin'",
    "platform_machine == 'aarch64' and platform_python_implementation == 'CPython' and sys_platform == 'linux'",
]
dependencies = [
    { name = "numpy", marker = "(platform_machine == 'aarch64' and platform_python_implementation == 'CPython' and sys_platform == 'linux') or sys_platform == 'darwin'" },
    { name = "pillow", marker = "(platform_machine == 'aarch64' and platform_python_implementation == 'CPython' and sys_platform == 'linux') or sys_platform == 'darwin'" },
    { name = "requests", marker = "(platform_machine == 'aarch64' and platform_python_implementation == 'CPython' and sys_platform == 'linux') or sys_platform == 'darwin'" },
    { name = "torch", version = "1.12.1", source = { registry = "https://download.pytorch.org/whl/cu116" }, marker = "platform_machine == 'aarch64' and platform_python_implementation == 'CPython' and sys_platform == 'linux'" },
    { name = "torch", version = "1.12.1+cu116", source = { registry = "https://download.pytorch.org/whl/cu116" }, marker = "sys_platform == 'darwin'" },
    { name = "typing-extensions", marker = "(platform_machine == 'aarch64' and platform_python_implementation == 'CPython' and sys_platform == 'linux') or sys_platform == 'darwin'" },
]
wheels = [
    { url = "https://download-r2.pytorch.org/whl/torchvision-0.13.1-cp310-cp310-macosx_10_9_x86_64.whl", hash = "sha256:19286a733c69dcbd417b86793df807bd227db5786ed787c17297741a9b0d0fc7", upload-time = "2023-10-06T21:47:10Z" },
    { url = "https://download-r2.pytorch.org/whl/torchvision-0.13.1-cp310-cp310-manylinux2014_aarch64.whl", hash = "sha256:099874088df104d54d8008f2a28539ca0117b512daed8bf3c2bbfa2b7ccb187a", upload-time = "2023-10-06T21:47:10Z" },
]

[[package]]
name = "torchvision"
version = "0.13.1+cu116"
source = { registry = "https://download.pytorch.org/whl/cu116" }
resolution-markers = [
    "(platform_machine != 'aarch64' and sys_platform == 'linux') or (platform_python_implementation != 'CPython' and sys_platform == 'linux') or (sys_platform != 'darwin' and sys_platform != 'linux')",
]
dependencies = [
    { name = "numpy", marker = "(platform_machine != 'aarch64' and sys_platform == 'linux') or (platform_python_implementation != 'CPython' and sys_platform == 'linux') or (sys_platform != 'darwin' and sys_platform != 'linux')" },
    { name = "pillow", marker = "(platform_machine != 'aarch64' and sys_platform == 'linux') or (platform_python_implementation != 'CPython' and sys_platform == 'linux') or (sys_platform != 'darwin' and sys_platform != 'linux')" },
    { name = "requests", marker = "(platform_machine != 'aarch64' and sys_platform == 'linux') or (platform_python_implementation != 'CPython' and sys_platform == 'linux') or (sys_platform != 'darwin' and sys_platform != 'linux')" },
    { name = "torch", version = "1.12.1+cu116", source = { registry = "https://download.pytorch.org/whl/cu116" }, marker = "(platform_machine != 'aarch64' and sys_platform == 'linux') or (platform_python_implementation != 'CPython' and sys_platform == 'linux') or (sys_platform != 'darwin' and sys_platform != 'linux')" },
    { name = "typing-extensions", marker = "(platform_machine != 'aarch64' and sys_platform == 'linux') or (platform_python_implementation != 'CPython' and sys_platform == 'linux') or (sys_platform != 'darwin' and sys_platform != 'linux')" },
]
wheels = [
    { url = "https://download-r2.pytorch.org/whl/cu116/torchvision-0.13.1%2Bcu116-cp310-cp310-linux_x86_64.whl", hash = "sha256:0c9a2b605ac30fcf475d60f79ba378af0073a22de585453f8c3dd6c1452ab9bc", upload-time = "2023-10-08T23:40:21Z" },
    { url = "https://download-r2.pytorch.org/whl/cu116/torchvision-0.13.1%2Bcu116-cp310-cp310-win_amd64.whl", hash = "sha256:ba8b7d3c33f63feb29c7dd8c0db68b735d0c9d924ff4e84121b4b20b17cec7a5", upload-time = "2023-10-08T23:40:22Z" },
]

[[package]]
name = "tqdm"
version = "4.67.3"
source = { registry = "https://pypi.org/simple" }
dependencies = [
    { name = "colorama", marker = "sys_platform == 'win32'" },
]
sdist = { url = "https://files.pythonhosted.org/packages/09/a9/6ba95a270c6f1fbcd8dac228323f2777d886cb206987444e4bce66338dd4/tqdm-4.67.3.tar.gz", hash = "sha256:7d825f03f89244ef73f1d4ce193cb1774a8179fd96f31d7e1dcde62092b960bb", size = 169598, upload-time = "2026-02-03T17:35:53.048Z" }
wheels = [
    { url = "https://files.pythonhosted.org/packages/16/e1/3079a9ff9b8e11b846c6ac5c8b5bfb7ff225eee721825310c91b3b50304f/tqdm-4.67.3-py3-none-any.whl", hash = "sha256:ee1e4c0e59148062281c49d80b25b67771a127c85fc9676d3be5f243206826bf", size = 78374, upload-time = "2026-02-03T17:35:50.982Z" },
]

[[package]]
name = "typing-extensions"
version = "4.13.2"
source = { registry = "https://pypi.org/simple" }
sdist = { url = "https://files.pythonhosted.org/packages/f6/37/23083fcd6e35492953e8d2aaaa68b860eb422b34627b13f2ce3eb6106061/typing_extensions-4.13.2.tar.gz", hash = "sha256:e6c81219bd689f51865d9e372991c540bda33a0379d5573cddb9a3a23f7caaef", size = 106967, upload-time = "2025-04-10T14:19:05.416Z" }
wheels = [
    { url = "https://files.pythonhosted.org/packages/8b/54/b1ae86c0973cc6f0210b53d508ca3641fb6d0c56823f288d108bc7ab3cc8/typing_extensions-4.13.2-py3-none-any.whl", hash = "sha256:a439e7c04b49fec3e5d3e2beaa21755cadbbdc391694e28ccdd36ca4a1408f8c", size = 45806, upload-time = "2025-04-10T14:19:03.967Z" },
]

[[package]]
name = "urllib3"
version = "2.2.3"
source = { registry = "https://pypi.org/simple" }
sdist = { url = "https://files.pythonhosted.org/packages/ed/63/22ba4ebfe7430b76388e7cd448d5478814d3032121827c12a2cc287e2260/urllib3-2.2.3.tar.gz", hash = "sha256:e7d814a81dad81e6caf2ec9fdedb284ecc9c73076b62654547cc64ccdcae26e9", size = 300677, upload-time = "2024-09-12T10:52:18.401Z" }
wheels = [
    { url = "https://files.pythonhosted.org/packages/ce/d9/5f4c13cecde62396b0d3fe530a50ccea91e7dfc1ccf0e09c228841bb5ba8/urllib3-2.2.3-py3-none-any.whl", hash = "sha256:ca899ca043dcb1bafa3e262d73aa25c465bfb49e0bd9dd5d59f1d0acba2f8fac", size = 126338, upload-time = "2024-09-12T10:52:16.589Z" },
]
